github.com/OhYee/go-plantuml v0.0.0-20200228161942-372de81abce3 h1:xGrFyXPAxzcEtNSfc6z/3mzMgdMENgecpnGH0WH0SMU=
github.com/OhYee/go-plantuml v0.0.0-20200228161942-372de81abce3/go.mod h1:Gvm+/VdgxlydA3wFoWOALxn+JLVB5pD9zxzKVkQVYCo=
github.com/OhYee/godot v0.0.0-20191004043452-9915dee01024 h1:aAm/rek1Pl+7zeu79BHGIAS83BI80e96CuNDaRtLX54=
github.com/OhYee/godot v0.0.0-20191004043452-9915dee01024/go.mod h1:cMA774NGmTbhLHdmozw2Ejeyyu+S5mDKC97CPgBhNGM=
github.com/OhYee/goldmark-dot v0.0.0-20191005034355-67d0b6c97906 h1:NPzGBu7r0RVRB1GyOf3b74S8BUuUSfjE4ChpChijJwI=
github.com/OhYee/goldmark-dot v0.0.0-20191005034355-67d0b6c97906/go.mod h1:0jDWMJxqHjH9lOg39gbm/esw4GWSbkvEwJw5zFLYTEo=
github.com/OhYee/goldmark-fenced_codeblock_extension v0.0.0-20200228183002-d33dbdb2645e h1:MPvzMlNeBavoqsctlIXoXo16xOZmuoVP+owAk4YaaVc=
github.com/OhYee/goldmark-fenced_codeblock_extension v0.0.0-20200228183002-d33dbdb2645e/go.mod h1:DotsFHYRA7zw0zkMcXYtCwssTwqL6CKy+bCltfAdAvo=
github.com/OhYee/goldmark-fenced_codeblock_extension v0.0.0-20200228183414-3b6e187ef07e h1:pHMRdwdrmifwfwatyB7xyu+yZQvI2jVjpManV06ZTSg=
github.com/OhYee/goldmark-fenced_codeblock_extension v0.0.0-20200228183414-3b6e187ef07e/go.mod h1:DotsFHYRA7zw0zkMcXYtCwssTwqL6CKy+bCltfAdAvo=
github.com/OhYee/goldmark-fenced_codeblock_extension v0.0.0-20200228183728-3dbc4ae5ba6a h1:WJHSKw5KxswmMZgz5DlKHiswH5pan1yVmKpZPVE77Wc=
github.com/OhYee/goldmark-fenced_codeblock_extension v0.0.0-20200228183728-3dbc4ae5ba6a/go.mod h1:DotsFHYRA7zw0zkMcXYtCwssTwqL6CKy+bCltfAdAvo=
github.com/OhYee/goldmark-fenced_codeblock_extension v0.0.0-20200228184253-e8bd7ba3f143 h1:rBYZDcfYceHYC5X6WLg6tlmGmGup22tP5y1/00aA5S0=
github.com/OhYee/goldmark-fenced_codeblock_extension v0.0.0-20200228184253-e8bd7ba3f143/go.mod h1:DotsFHYRA7zw0zkMcXYtCwssTwqL6CKy+bCltfAdAvo=
github.com/OhYee/goldmark-fenced_codeblock_extension v0.0.0-20200228184546-49a7f49ccec0 h1:fE+FbCNnsPR3KOUp1FQUtu3TdopFZzZxOuplM4STTmg=
github.com/OhYee/goldmark-fenced_codeblock_extension v0.0.0-20200228184546-49a7f49ccec0/go.mod h1:DotsFHYRA7zw0zkMcXYtCwssTwqL6CKy+bCltfAdAvo=
github.com/alecthomas/assert v0.0.0-20170929043011-405dbfeb8e38/go.mod h1:r7bzyVFMNntcxPZXK3/+KdruV1H5KSlyVY0gc+NgInI=
github.com/alecthomas/chroma v0.6.3 h1:8H1D0yddf0mvgvO4JDBKnzLd9ERmzzAijBxnZXGV/FA=
github.com/alecthomas/chroma v0.6.3/go.mod h1:quT2EpvJNqkuPi6DmBHB+E33FXBgBBPzyH5++Dn1LPc=
github.com/alecthomas/colour v0.0.0-20160524082231-60882d9e2721/go.mod h1:QO9JBoKquHd+jz9nshCh40fOfO+JzsoXy8qTHF68zU0=
github.com/alecthomas/kong v0.1.15/go.mod h1:0m2VYms8rH0qbCqVB2gvGHk74bqLIq0HXjCs5bNbNQU=
github.com/alecthomas/repr v0.0.0-20180818092828-117648cd9897/go.mod h1:xTS7Pm1pD1mvyM075QCDSRqH6qRLXylzS24ZTpRiSzQ=
github.com/danwakefield/fnmatch v0.0.0-20160403171240-cbb64ac3d964 h1:y5HC9v93H5EPKqaS1UYVg1uYah5Xf51mBfIoWehClUQ=
github.com/danwakefield/fnmatch v0.0.0-20160403171240-cbb64ac3d964/go.mod h1:Xd9hchkHSWYkEqJwUGisez3G1QY8Ryz0sdWrLPMGjLk=
github.com/davecgh/go-spew v1.1.1/go.mod h1:J7Y8YcW2NihsgmVo/mv3lAwl/skON4iLHjSsI+c5H38=
github.com/dlclark/regexp2 v1.1.6 h1:CqB4MjHw0MFCDj+PHHjiESmHX+N7t0tJzKvC6M97BRg=
github.com/dlclark/regexp2 v1.1.6/go.mod h1:2pZnwuY/m+8K6iRw6wQdMtk+rH5tNGR1i55kozfMjCc=
github.com/gomarkdown/markdown v0.0.0-20200127000047-1813ea067497/go.mod h1:aii0r/K0ZnHv7G0KF7xy1v0A7s2Ljrb5byB7MO5p6TU=
github.com/mattn/go-colorable v0.0.9/go.mod h1:9vuHe8Xs5qXnSaW/c/ABM9alt+Vo+STaOChaDxuIBZU=
github.com/mattn/go-isatty v0.0.4/go.mod h1:M+lRXTBqGeGNdLjl/ufCoiOlB5xdOkqRJdNxMWT7Zi4=
github.com/pmezard/go-difflib v1.0.0/go.mod h1:iKH77koFhYxTK1pcRnkKkqfTogsbg7gZNVY4sRDYZ/4=
github.com/sergi/go-diff v1.0.0/go.mod h1:0CfEIISq7TuYL3j771MWULgwwjU+GofnZX9QAmXWZgo=
github.com/skratchdot/open-golang v0.0.0-20200116055534-eef842397966/go.mod h1:sUM3LWHvSMaG192sy56D9F7CNvL7jUJVXoqM1QKLnog=
github.com/stretchr/testify v1.2.2/go.mod h1:a8OnRcib4nhh0OaRAV+Yts87kKdq0PP7pXfy6kDkUVs=
github.com/yuin/goldmark v1.1.0 h1:Z5ZerZZLUdCBKw7nhz0z14LMkpPvHmo7j2MdbzD39LI=
github.com/yuin/goldmark v1.1.0/go.mod h1:hDgn8A2EV4OniExoeJs1fSrmEc/T7w8+Teyq8YkThxQ=
github.com/yuin/goldmark v1.1.23 h1:eTodJ8hwEUvwXhb9qxQNuL/q1d+xMQClrXR4mdvV7gs=
github.com/yuin/goldmark v1.1.23/go.mod h1:3hX8gzYuyVAZsxl0MRgGTJEmQBFcNTphYh9decYSb74=
github.com/yuin/goldmark-highlighting v0.0.0-20190830074347-93c30623ac23 h1:byGBknnKoxM5UWREM+u1fXwJE3lCuBsvRuDNw7HF0FM=
github.com/yuin/goldmark-highlighting v0.0.0-20190830074347-93c30623ac23/go.mod h1:3FYTzt9w4R8wIZ1KUvvoCyOMYNcYzqLr6amkECg35Hc=
golang.org/dl v0.0.0-20190829154251-82a15e2f2ead/go.mod h1:IUMfjQLJQd4UTqG1Z90tenwKoCX93Gn3MAQJMOSBsDQ=
golang.org/x/sys v0.0.0-20181128092732-4ed8d59d0b35/go.mod h1:STP8DvDyc/dI5b8T5hshtkjS+E42TnysNCUPdjciGhY=
gopkg.in/check.v1 v0.0.0-20161208181325-20d25e280405/go.mod h1:Co6ibVJAznAaIkqp8huTwlJQCZ016jof/cbN4VW5Yz0=
gopkg.in/yaml.v2 v2.2.2/go.mod h1:hI93XBmqTisBFMUTm0b8Fm+jr3Dg1NNxqwp+5A1VGuI=
